
Microsoft Visual Studio Solution File, Format Version 12.00
# Visual Studio 15
VisualStudioVersion = 15.0.28307.1267
MinimumVisualStudioVersion = 10.0.40219.1
Project("{FAE04EC0-301F-11D3-BF4B-00C04F79EFBC}") = "Checkmeg.WPF", "Checkmeg.WPF\Checkmeg.WPF.csproj", "{36FD5928-B1F7-4785-A7EE-A8465A774B21}"
EndProject
Project("{FAE04EC0-301F-11D3-BF4B-00C04F79EFBC}") = "Engine", "Engine\Engine.csproj", "{9644CDC2-F43B-412A-A766-D17380C61FAA}"
EndProject
Project("{FAE04EC0-301F-11D3-BF4B-00C04F79EFBC}") = "Core.WPF", "Core\Core.WPF.csproj", "{29072D37-927E-4792-9810-FAB2A4DA790E}"
EndProject
Project("{FAE04EC0-301F-11D3-BF4B-00C04F79EFBC}") = "CheckmegWSC", "CheckmegWSC\CheckmegWSC.csproj", "{F595BEDC-D9E0-4BAA-A81D-8EAB28D51988}"
EndProject
Global
	GlobalSection(SolutionConfigurationPlatforms) = preSolution
		Debug|Any CPU = Debug|Any CPU
		Debug|x64 = Debug|x64
		Debug|x86 = Debug|x86
		Release|Any CPU = Release|Any CPU
		Release|x64 = Release|x64
		Release|x86 = Release|x86
	EndGlobalSection
	GlobalSection(ProjectConfigurationPlatforms) = postSolution
		{36FD5928-B1F7-4785-A7EE-A8465A774B21}.Debug|Any CPU.ActiveCfg = Debug|Any CPU
		{36FD5928-B1F7-4785-A7EE-A8465A774B21}.Debug|Any CPU.Build.0 = Debug|Any CPU
		{36FD5928-B1F7-4785-A7EE-A8465A774B21}.Debug|x64.ActiveCfg = Debug|x64
		{36FD5928-B1F7-4785-A7EE-A8465A774B21}.Debug|x64.Build.0 = Debug|x64
		{36FD5928-B1F7-4785-A7EE-A8465A774B21}.Debug|x86.ActiveCfg = Debug|Any CPU
		{36FD5928-B1F7-4785-A7EE-A8465A774B21}.Debug|x86.Build.0 = Debug|Any CPU
		{36FD5928-B1F7-4785-A7EE-A8465A774B21}.Release|Any CPU.ActiveCfg = Release|Any CPU
		{36FD5928-B1F7-4785-A7EE-A8465A774B21}.Release|Any CPU.Build.0 = Release|Any CPU
		{36FD5928-B1F7-4785-A7EE-A8465A774B21}.Release|x64.ActiveCfg = Release|x64
		{36FD5928-B1F7-4785-A7EE-A8465A774B21}.Release|x64.Build.0 = Release|x64
		{36FD5928-B1F7-4785-A7EE-A8465A774B21}.Release|x86.ActiveCfg = Release|Any CPU
		{36FD5928-B1F7-4785-A7EE-A8465A774B21}.Release|x86.Build.0 = Release|Any CPU
		{9644CDC2-F43B-412A-A766-D17380C61FAA}.Debug|Any CPU.ActiveCfg = Debug|Any CPU
		{9644CDC2-F43B-412A-A766-D17380C61FAA}.Debug|Any CPU.Build.0 = Debug|Any CPU
		{9644CDC2-F43B-412A-A766-D17380C61FAA}.Debug|x64.ActiveCfg = Debug|Any CPU
		{9644CDC2-F43B-412A-A766-D17380C61FAA}.Debug|x64.Build.0 = Debug|Any CPU
		{9644CDC2-F43B-412A-A766-D17380C61FAA}.Debug|x86.ActiveCfg = Debug|Any CPU
		{9644CDC2-F43B-412A-A766-D17380C61FAA}.Debug|x86.Build.0 = Debug|Any CPU
		{9644CDC2-F43B-412A-A766-D17380C61FAA}.Release|Any CPU.ActiveCfg = Release|Any CPU
		{9644CDC2-F43B-412A-A766-D17380C61FAA}.Release|Any CPU.Build.0 = Release|Any CPU
		{9644CDC2-F43B-412A-A766-D17380C61FAA}.Release|x64.ActiveCfg = Release|Any CPU
		{9644CDC2-F43B-412A-A766-D17380C61FAA}.Release|x64.Build.0 = Release|Any CPU
		{9644CDC2-F43B-412A-A766-D17380C61FAA}.Release|x86.ActiveCfg = Release|Any CPU
		{9644CDC2-F43B-412A-A766-D17380C61FAA}.Release|x86.Build.0 = Release|Any CPU
		{29072D37-927E-4792-9810-FAB2A4DA790E}.Debug|Any CPU.ActiveCfg = Debug|Any CPU
		{29072D37-927E-4792-9810-FAB2A4DA790E}.Debug|Any CPU.Build.0 = Debug|Any CPU
		{29072D37-927E-4792-9810-FAB2A4DA790E}.Debug|x64.ActiveCfg = Debug|Any CPU
		{29072D37-927E-4792-9810-FAB2A4DA790E}.Debug|x64.Build.0 = Debug|Any CPU
		{29072D37-927E-4792-9810-FAB2A4DA790E}.Debug|x86.ActiveCfg = Debug|Any CPU
		{29072D37-927E-4792-9810-FAB2A4DA790E}.Debug|x86.Build.0 = Debug|Any CPU
		{29072D37-927E-4792-9810-FAB2A4DA790E}.Release|Any CPU.ActiveCfg = Release|Any CPU
		{29072D37-927E-4792-9810-FAB2A4DA790E}.Release|Any CPU.Build.0 = Release|Any CPU
		{29072D37-927E-4792-9810-FAB2A4DA790E}.Release|x64.ActiveCfg = Release|Any CPU
		{29072D37-927E-4792-9810-FAB2A4DA790E}.Release|x64.Build.0 = Release|Any CPU
		{29072D37-927E-4792-9810-FAB2A4DA790E}.Release|x86.ActiveCfg = Release|Any CPU
		{29072D37-927E-4792-9810-FAB2A4DA790E}.Release|x86.Build.0 = Release|Any CPU
		{F595BEDC-D9E0-4BAA-A81D-8EAB28D51988}.Debug|Any CPU.ActiveCfg = Debug|Any CPU
		{F595BEDC-D9E0-4BAA-A81D-8EAB28D51988}.Debug|Any CPU.Build.0 = Debug|Any CPU
		{F595BEDC-D9E0-4BAA-A81D-8EAB28D51988}.Debug|x64.ActiveCfg = Debug|Any CPU
		{F595BEDC-D9E0-4BAA-A81D-8EAB28D51988}.Debug|x64.Build.0 = Debug|Any CPU
		{F595BEDC-D9E0-4BAA-A81D-8EAB28D51988}.Debug|x86.ActiveCfg = Debug|Any CPU
		{F595BEDC-D9E0-4BAA-A81D-8EAB28D51988}.Debug|x86.Build.0 = Debug|Any CPU
		{F595BEDC-D9E0-4BAA-A81D-8EAB28D51988}.Release|Any CPU.ActiveCfg = Release|Any CPU
		{F595BEDC-D9E0-4BAA-A81D-8EAB28D51988}.Release|Any CPU.Build.0 = Release|Any CPU
		{F595BEDC-D9E0-4BAA-A81D-8EAB28D51988}.Release|x64.ActiveCfg = Release|Any CPU
		{F595BEDC-D9E0-4BAA-A81D-8EAB28D51988}.Release|x64.Build.0 = Release|Any CPU
		{F595BEDC-D9E0-4BAA-A81D-8EAB28D51988}.Release|x86.ActiveCfg = Release|Any CPU
		{F595BEDC-D9E0-4BAA-A81D-8EAB28D51988}.Release|x86.Build.0 = Release|Any CPU
	EndGlobalSection
	GlobalSection(SolutionProperties) = preSolution
		HideSolutionNode = FALSE
	EndGlobalSection
	GlobalSection(ExtensibilityGlobals) = postSolution
		SolutionGuid = {21FE96EB-0D34-480F-9D61-8A63993E6811}
	EndGlobalSection
EndGlobal
